
Microsoft Visual Studio Solution File, Format Version 12.00
# Visual Studio Version 16
VisualStudioVersion = 16.0.31005.135
MinimumVisualStudioVersion = 10.0.40219.1
Project("{8BC9CEB8-8B4A-11D0-8D11-00A0C91BC942}") = "Section7_Arrays", "Section7_Arrays\Section7_Arrays.vcxproj", "{8A07A67D-CF35-40CA-B917-E47D69E31FF5}"
EndProject
Project("{8BC9CEB8-8B4A-11D0-8D11-00A0C91BC942}") = "Section7_Vectors", "Section7_Vectors\Section7_Vectors.vcxproj", "{93D19CB5-4B1C-4D10-A9B5-E8308E93155A}"
EndProject
Project("{8BC9CEB8-8B4A-11D0-8D11-00A0C91BC942}") = "Section7_Challenge", "Section7_Challenge\Section7_Challenge.vcxproj", "{858C2CF9-F7F6-45CC-B38B-FBD0D37217B8}"
EndProject
Global
	GlobalSection(SolutionConfigurationPlatforms) = preSolution
		Debug|x64 = Debug|x64
		Debug|x86 = Debug|x86
		Release|x64 = Release|x64
		Release|x86 = Release|x86
	EndGlobalSection
	GlobalSection(ProjectConfigurationPlatforms) = postSolution
		{8A07A67D-CF35-40CA-B917-E47D69E31FF5}.Debug|x64.ActiveCfg = Debug|x64
		{8A07A67D-CF35-40CA-B917-E47D69E31FF5}.Debug|x64.Build.0 = Debug|x64
		{8A07A67D-CF35-40CA-B917-E47D69E31FF5}.Debug|x86.ActiveCfg = Debug|Win32
		{8A07A67D-CF35-40CA-B917-E47D69E31FF5}.Debug|x86.Build.0 = Debug|Win32
		{8A07A67D-CF35-40CA-B917-E47D69E31FF5}.Release|x64.ActiveCfg = Release|x64
		{8A07A67D-CF35-40CA-B917-E47D69E31FF5}.Release|x64.Build.0 = Release|x64
		{8A07A67D-CF35-40CA-B917-E47D69E31FF5}.Release|x86.ActiveCfg = Release|Win32
		{8A07A67D-CF35-40CA-B917-E47D69E31FF5}.Release|x86.Build.0 = Release|Win32
		{93D19CB5-4B1C-4D10-A9B5-E8308E93155A}.Debug|x64.ActiveCfg = Debug|x64
		{93D19CB5-4B1C-4D10-A9B5-E8308E93155A}.Debug|x64.Build.0 = Debug|x64
		{93D19CB5-4B1C-4D10-A9B5-E8308E93155A}.Debug|x86.ActiveCfg = Debug|Win32
		{93D19CB5-4B1C-4D10-A9B5-E8308E93155A}.Debug|x86.Build.0 = Debug|Win32
		{93D19CB5-4B1C-4D10-A9B5-E8308E93155A}.Release|x64.ActiveCfg = Release|x64
		{93D19CB5-4B1C-4D10-A9B5-E8308E93155A}.Release|x64.Build.0 = Release|x64
		{93D19CB5-4B1C-4D10-A9B5-E8308E93155A}.Release|x86.ActiveCfg = Release|Win32
		{93D19CB5-4B1C-4D10-A9B5-E8308E93155A}.Release|x86.Build.0 = Release|Win32
		{858C2CF9-F7F6-45CC-B38B-FBD0D37217B8}.Debug|x64.ActiveCfg = Debug|x64
		{858C2CF9-F7F6-45CC-B38B-FBD0D37217B8}.Debug|x64.Build.0 = Debug|x64
		{858C2CF9-F7F6-45CC-B38B-FBD0D37217B8}.Debug|x86.ActiveCfg = Debug|Win32
		{858C2CF9-F7F6-45CC-B38B-FBD0D37217B8}.Debug|x86.Build.0 = Debug|Win32
		{858C2CF9-F7F6-45CC-B38B-FBD0D37217B8}.Release|x64.ActiveCfg = Release|x64
		{858C2CF9-F7F6-45CC-B38B-FBD0D37217B8}.Release|x64.Build.0 = Release|x64
		{858C2CF9-F7F6-45CC-B38B-FBD0D37217B8}.Release|x86.ActiveCfg = Release|Win32
		{858C2CF9-F7F6-45CC-B38B-FBD0D37217B8}.Release|x86.Build.0 = Release|Win32
	EndGlobalSection
	GlobalSection(SolutionProperties) = preSolution
		HideSolutionNode = FALSE
	EndGlobalSection
	GlobalSection(ExtensibilityGlobals) = postSolution
		SolutionGuid = {C7DEF2EC-D6FB-47D1-B244-0583C4697A96}
	EndGlobalSection
EndGlobal
