
Microsoft Visual Studio Solution File, Format Version 12.00
# Visual Studio Version 17
VisualStudioVersion = 17.0.32014.148
MinimumVisualStudioVersion = 10.0.40219.1
Project("{8BC9CEB8-8B4A-11D0-8D11-00A0C91BC942}") = "Section4_1_FirstProgram", "Section4_1_FirstProgram\Section4_1_FirstProgram.vcxproj", "{7B0A9B81-760B-46E2-8D3A-77CC3AAA143C}"
EndProject
Project("{8BC9CEB8-8B4A-11D0-8D11-00A0C91BC942}") = "Section4_2_Challenge", "Section4_2_Challenge\Section4_2_Challenge.vcxproj", "{7E9CB6ED-E9C7-4C94-814B-52125AF63554}"
EndProject
Project("{8BC9CEB8-8B4A-11D0-8D11-00A0C91BC942}") = "Section5_1_BasicIO", "Section5_1_BasicIO\Section5_1_BasicIO.vcxproj", "{10814C93-5706-42EF-8957-D94D04645D77}"
EndProject
Project("{8BC9CEB8-8B4A-11D0-8D11-00A0C91BC942}") = "Section6_1_InitialisingVariables", "Section6_1_InitialisingVariables\Section6_1_InitialisingVariables.vcxproj", "{ECF08EA9-7038-41CE-B51B-BB2847A62A87}"
EndProject
Project("{8BC9CEB8-8B4A-11D0-8D11-00A0C91BC942}") = "Section6_2_GlobalVariables", "Section6_2_GlobalVariables\Section6_2_GlobalVariables.vcxproj", "{D3040344-5581-47E6-BD6A-A112D6B4022B}"
EndProject
Project("{8BC9CEB8-8B4A-11D0-8D11-00A0C91BC942}") = "Section6_3_PrimitiveTypes", "Section6_3_PrimitiveTypes\Section6_3_PrimitiveTypes.vcxproj", "{5BA42FAC-3CEC-42DD-95C2-A70F4D87A07A}"
EndProject
Project("{8BC9CEB8-8B4A-11D0-8D11-00A0C91BC942}") = "Section6_4_SizeofOperator", "Section6_4_SizeofOperator\Section6_4_SizeofOperator.vcxproj", "{06A3725B-358A-4CBA-A68C-C3D3166081F0}"
EndProject
Project("{8BC9CEB8-8B4A-11D0-8D11-00A0C91BC942}") = "Section6_5_Constants", "Section6_5_Constants\Section6_5_Constants.vcxproj", "{31E0E3B4-0CEE-490E-8CB5-41B12A9D1A24}"
EndProject
Project("{8BC9CEB8-8B4A-11D0-8D11-00A0C91BC942}") = "Section6_6_Challenge", "Section6_6_Challenge\Section6_6_Challenge.vcxproj", "{96DE134B-7E2B-44DB-8C24-8F0648E21E30}"
EndProject
Global
	GlobalSection(SolutionConfigurationPlatforms) = preSolution
		Debug|x64 = Debug|x64
		Debug|x86 = Debug|x86
		Release|x64 = Release|x64
		Release|x86 = Release|x86
	EndGlobalSection
	GlobalSection(ProjectConfigurationPlatforms) = postSolution
		{7B0A9B81-760B-46E2-8D3A-77CC3AAA143C}.Debug|x64.ActiveCfg = Debug|x64
		{7B0A9B81-760B-46E2-8D3A-77CC3AAA143C}.Debug|x64.Build.0 = Debug|x64
		{7B0A9B81-760B-46E2-8D3A-77CC3AAA143C}.Debug|x86.ActiveCfg = Debug|Win32
		{7B0A9B81-760B-46E2-8D3A-77CC3AAA143C}.Debug|x86.Build.0 = Debug|Win32
		{7B0A9B81-760B-46E2-8D3A-77CC3AAA143C}.Release|x64.ActiveCfg = Release|x64
		{7B0A9B81-760B-46E2-8D3A-77CC3AAA143C}.Release|x64.Build.0 = Release|x64
		{7B0A9B81-760B-46E2-8D3A-77CC3AAA143C}.Release|x86.ActiveCfg = Release|Win32
		{7B0A9B81-760B-46E2-8D3A-77CC3AAA143C}.Release|x86.Build.0 = Release|Win32
		{7E9CB6ED-E9C7-4C94-814B-52125AF63554}.Debug|x64.ActiveCfg = Debug|x64
		{7E9CB6ED-E9C7-4C94-814B-52125AF63554}.Debug|x64.Build.0 = Debug|x64
		{7E9CB6ED-E9C7-4C94-814B-52125AF63554}.Debug|x86.ActiveCfg = Debug|Win32
		{7E9CB6ED-E9C7-4C94-814B-52125AF63554}.Debug|x86.Build.0 = Debug|Win32
		{7E9CB6ED-E9C7-4C94-814B-52125AF63554}.Release|x64.ActiveCfg = Release|x64
		{7E9CB6ED-E9C7-4C94-814B-52125AF63554}.Release|x64.Build.0 = Release|x64
		{7E9CB6ED-E9C7-4C94-814B-52125AF63554}.Release|x86.ActiveCfg = Release|Win32
		{7E9CB6ED-E9C7-4C94-814B-52125AF63554}.Release|x86.Build.0 = Release|Win32
		{10814C93-5706-42EF-8957-D94D04645D77}.Debug|x64.ActiveCfg = Debug|x64
		{10814C93-5706-42EF-8957-D94D04645D77}.Debug|x64.Build.0 = Debug|x64
		{10814C93-5706-42EF-8957-D94D04645D77}.Debug|x86.ActiveCfg = Debug|Win32
		{10814C93-5706-42EF-8957-D94D04645D77}.Debug|x86.Build.0 = Debug|Win32
		{10814C93-5706-42EF-8957-D94D04645D77}.Release|x64.ActiveCfg = Release|x64
		{10814C93-5706-42EF-8957-D94D04645D77}.Release|x64.Build.0 = Release|x64
		{10814C93-5706-42EF-8957-D94D04645D77}.Release|x86.ActiveCfg = Release|Win32
		{10814C93-5706-42EF-8957-D94D04645D77}.Release|x86.Build.0 = Release|Win32
		{ECF08EA9-7038-41CE-B51B-BB2847A62A87}.Debug|x64.ActiveCfg = Debug|x64
		{ECF08EA9-7038-41CE-B51B-BB2847A62A87}.Debug|x64.Build.0 = Debug|x64
		{ECF08EA9-7038-41CE-B51B-BB2847A62A87}.Debug|x86.ActiveCfg = Debug|Win32
		{ECF08EA9-7038-41CE-B51B-BB2847A62A87}.Debug|x86.Build.0 = Debug|Win32
		{ECF08EA9-7038-41CE-B51B-BB2847A62A87}.Release|x64.ActiveCfg = Release|x64
		{ECF08EA9-7038-41CE-B51B-BB2847A62A87}.Release|x64.Build.0 = Release|x64
		{ECF08EA9-7038-41CE-B51B-BB2847A62A87}.Release|x86.ActiveCfg = Release|Win32
		{ECF08EA9-7038-41CE-B51B-BB2847A62A87}.Release|x86.Build.0 = Release|Win32
		{D3040344-5581-47E6-BD6A-A112D6B4022B}.Debug|x64.ActiveCfg = Debug|x64
		{D3040344-5581-47E6-BD6A-A112D6B4022B}.Debug|x64.Build.0 = Debug|x64
		{D3040344-5581-47E6-BD6A-A112D6B4022B}.Debug|x86.ActiveCfg = Debug|Win32
		{D3040344-5581-47E6-BD6A-A112D6B4022B}.Debug|x86.Build.0 = Debug|Win32
		{D3040344-5581-47E6-BD6A-A112D6B4022B}.Release|x64.ActiveCfg = Release|x64
		{D3040344-5581-47E6-BD6A-A112D6B4022B}.Release|x64.Build.0 = Release|x64
		{D3040344-5581-47E6-BD6A-A112D6B4022B}.Release|x86.ActiveCfg = Release|Win32
		{D3040344-5581-47E6-BD6A-A112D6B4022B}.Release|x86.Build.0 = Release|Win32
		{5BA42FAC-3CEC-42DD-95C2-A70F4D87A07A}.Debug|x64.ActiveCfg = Debug|x64
		{5BA42FAC-3CEC-42DD-95C2-A70F4D87A07A}.Debug|x64.Build.0 = Debug|x64
		{5BA42FAC-3CEC-42DD-95C2-A70F4D87A07A}.Debug|x86.ActiveCfg = Debug|Win32
		{5BA42FAC-3CEC-42DD-95C2-A70F4D87A07A}.Debug|x86.Build.0 = Debug|Win32
		{5BA42FAC-3CEC-42DD-95C2-A70F4D87A07A}.Release|x64.ActiveCfg = Release|x64
		{5BA42FAC-3CEC-42DD-95C2-A70F4D87A07A}.Release|x64.Build.0 = Release|x64
		{5BA42FAC-3CEC-42DD-95C2-A70F4D87A07A}.Release|x86.ActiveCfg = Release|Win32
		{5BA42FAC-3CEC-42DD-95C2-A70F4D87A07A}.Release|x86.Build.0 = Release|Win32
		{06A3725B-358A-4CBA-A68C-C3D3166081F0}.Debug|x64.ActiveCfg = Debug|x64
		{06A3725B-358A-4CBA-A68C-C3D3166081F0}.Debug|x64.Build.0 = Debug|x64
		{06A3725B-358A-4CBA-A68C-C3D3166081F0}.Debug|x86.ActiveCfg = Debug|Win32
		{06A3725B-358A-4CBA-A68C-C3D3166081F0}.Debug|x86.Build.0 = Debug|Win32
		{06A3725B-358A-4CBA-A68C-C3D3166081F0}.Release|x64.ActiveCfg = Release|x64
		{06A3725B-358A-4CBA-A68C-C3D3166081F0}.Release|x64.Build.0 = Release|x64
		{06A3725B-358A-4CBA-A68C-C3D3166081F0}.Release|x86.ActiveCfg = Release|Win32
		{06A3725B-358A-4CBA-A68C-C3D3166081F0}.Release|x86.Build.0 = Release|Win32
		{31E0E3B4-0CEE-490E-8CB5-41B12A9D1A24}.Debug|x64.ActiveCfg = Debug|x64
		{31E0E3B4-0CEE-490E-8CB5-41B12A9D1A24}.Debug|x64.Build.0 = Debug|x64
		{31E0E3B4-0CEE-490E-8CB5-41B12A9D1A24}.Debug|x86.ActiveCfg = Debug|Win32
		{31E0E3B4-0CEE-490E-8CB5-41B12A9D1A24}.Debug|x86.Build.0 = Debug|Win32
		{31E0E3B4-0CEE-490E-8CB5-41B12A9D1A24}.Release|x64.ActiveCfg = Release|x64
		{31E0E3B4-0CEE-490E-8CB5-41B12A9D1A24}.Release|x64.Build.0 = Release|x64
		{31E0E3B4-0CEE-490E-8CB5-41B12A9D1A24}.Release|x86.ActiveCfg = Release|Win32
		{31E0E3B4-0CEE-490E-8CB5-41B12A9D1A24}.Release|x86.Build.0 = Release|Win32
		{96DE134B-7E2B-44DB-8C24-8F0648E21E30}.Debug|x64.ActiveCfg = Debug|x64
		{96DE134B-7E2B-44DB-8C24-8F0648E21E30}.Debug|x64.Build.0 = Debug|x64
		{96DE134B-7E2B-44DB-8C24-8F0648E21E30}.Debug|x86.ActiveCfg = Debug|Win32
		{96DE134B-7E2B-44DB-8C24-8F0648E21E30}.Debug|x86.Build.0 = Debug|Win32
		{96DE134B-7E2B-44DB-8C24-8F0648E21E30}.Release|x64.ActiveCfg = Release|x64
		{96DE134B-7E2B-44DB-8C24-8F0648E21E30}.Release|x64.Build.0 = Release|x64
		{96DE134B-7E2B-44DB-8C24-8F0648E21E30}.Release|x86.ActiveCfg = Release|Win32
		{96DE134B-7E2B-44DB-8C24-8F0648E21E30}.Release|x86.Build.0 = Release|Win32
	EndGlobalSection
	GlobalSection(SolutionProperties) = preSolution
		HideSolutionNode = FALSE
	EndGlobalSection
	GlobalSection(ExtensibilityGlobals) = postSolution
		SolutionGuid = {48234A50-8AFD-46F0-B45D-88EEF0DD627F}
	EndGlobalSection
EndGlobal
