
Microsoft Visual Studio Solution File, Format Version 12.00
# Visual Studio Version 16
VisualStudioVersion = 16.0.31005.135
MinimumVisualStudioVersion = 10.0.40219.1
Project("{8BC9CEB8-8B4A-11D0-8D11-00A0C91BC942}") = "Section9_If_Statement", "Section9_If_Statement\Section9_If_Statement.vcxproj", "{A8A8FABA-AFE3-4634-8C78-8C0FBE8086EF}"
EndProject
Project("{8BC9CEB8-8B4A-11D0-8D11-00A0C91BC942}") = "Section9_If_Else_Statement", "Section9_If_Else_Statement\Section9_If_Else_Statement.vcxproj", "{967B638A-95E4-48C5-88FE-3DC9D6C3397E}"
EndProject
Project("{8BC9CEB8-8B4A-11D0-8D11-00A0C91BC942}") = "Section9_Grades", "Section9_Grades\Section9_Grades.vcxproj", "{665C1531-8B72-49C9-BF02-D8EBB25EBE7E}"
EndProject
Project("{8BC9CEB8-8B4A-11D0-8D11-00A0C91BC942}") = "Section9_Shipping", "Section9_Shipping\Section9_Shipping.vcxproj", "{0112E9BF-EDC1-4593-9EDB-8AEDAFBD26CE}"
EndProject
Project("{8BC9CEB8-8B4A-11D0-8D11-00A0C91BC942}") = "Section9_Switch_Statement", "Section9_Switch_Statement\Section9_Switch_Statement.vcxproj", "{970D1211-99B1-40A6-9FF4-C0A02339DCBF}"
EndProject
Global
	GlobalSection(SolutionConfigurationPlatforms) = preSolution
		Debug|x64 = Debug|x64
		Debug|x86 = Debug|x86
		Release|x64 = Release|x64
		Release|x86 = Release|x86
	EndGlobalSection
	GlobalSection(ProjectConfigurationPlatforms) = postSolution
		{A8A8FABA-AFE3-4634-8C78-8C0FBE8086EF}.Debug|x64.ActiveCfg = Debug|x64
		{A8A8FABA-AFE3-4634-8C78-8C0FBE8086EF}.Debug|x64.Build.0 = Debug|x64
		{A8A8FABA-AFE3-4634-8C78-8C0FBE8086EF}.Debug|x86.ActiveCfg = Debug|Win32
		{A8A8FABA-AFE3-4634-8C78-8C0FBE8086EF}.Debug|x86.Build.0 = Debug|Win32
		{A8A8FABA-AFE3-4634-8C78-8C0FBE8086EF}.Release|x64.ActiveCfg = Release|x64
		{A8A8FABA-AFE3-4634-8C78-8C0FBE8086EF}.Release|x64.Build.0 = Release|x64
		{A8A8FABA-AFE3-4634-8C78-8C0FBE8086EF}.Release|x86.ActiveCfg = Release|Win32
		{A8A8FABA-AFE3-4634-8C78-8C0FBE8086EF}.Release|x86.Build.0 = Release|Win32
		{967B638A-95E4-48C5-88FE-3DC9D6C3397E}.Debug|x64.ActiveCfg = Debug|x64
		{967B638A-95E4-48C5-88FE-3DC9D6C3397E}.Debug|x64.Build.0 = Debug|x64
		{967B638A-95E4-48C5-88FE-3DC9D6C3397E}.Debug|x86.ActiveCfg = Debug|Win32
		{967B638A-95E4-48C5-88FE-3DC9D6C3397E}.Debug|x86.Build.0 = Debug|Win32
		{967B638A-95E4-48C5-88FE-3DC9D6C3397E}.Release|x64.ActiveCfg = Release|x64
		{967B638A-95E4-48C5-88FE-3DC9D6C3397E}.Release|x64.Build.0 = Release|x64
		{967B638A-95E4-48C5-88FE-3DC9D6C3397E}.Release|x86.ActiveCfg = Release|Win32
		{967B638A-95E4-48C5-88FE-3DC9D6C3397E}.Release|x86.Build.0 = Release|Win32
		{665C1531-8B72-49C9-BF02-D8EBB25EBE7E}.Debug|x64.ActiveCfg = Debug|x64
		{665C1531-8B72-49C9-BF02-D8EBB25EBE7E}.Debug|x64.Build.0 = Debug|x64
		{665C1531-8B72-49C9-BF02-D8EBB25EBE7E}.Debug|x86.ActiveCfg = Debug|Win32
		{665C1531-8B72-49C9-BF02-D8EBB25EBE7E}.Debug|x86.Build.0 = Debug|Win32
		{665C1531-8B72-49C9-BF02-D8EBB25EBE7E}.Release|x64.ActiveCfg = Release|x64
		{665C1531-8B72-49C9-BF02-D8EBB25EBE7E}.Release|x64.Build.0 = Release|x64
		{665C1531-8B72-49C9-BF02-D8EBB25EBE7E}.Release|x86.ActiveCfg = Release|Win32
		{665C1531-8B72-49C9-BF02-D8EBB25EBE7E}.Release|x86.Build.0 = Release|Win32
		{0112E9BF-EDC1-4593-9EDB-8AEDAFBD26CE}.Debug|x64.ActiveCfg = Debug|x64
		{0112E9BF-EDC1-4593-9EDB-8AEDAFBD26CE}.Debug|x64.Build.0 = Debug|x64
		{0112E9BF-EDC1-4593-9EDB-8AEDAFBD26CE}.Debug|x86.ActiveCfg = Debug|Win32
		{0112E9BF-EDC1-4593-9EDB-8AEDAFBD26CE}.Debug|x86.Build.0 = Debug|Win32
		{0112E9BF-EDC1-4593-9EDB-8AEDAFBD26CE}.Release|x64.ActiveCfg = Release|x64
		{0112E9BF-EDC1-4593-9EDB-8AEDAFBD26CE}.Release|x64.Build.0 = Release|x64
		{0112E9BF-EDC1-4593-9EDB-8AEDAFBD26CE}.Release|x86.ActiveCfg = Release|Win32
		{0112E9BF-EDC1-4593-9EDB-8AEDAFBD26CE}.Release|x86.Build.0 = Release|Win32
		{970D1211-99B1-40A6-9FF4-C0A02339DCBF}.Debug|x64.ActiveCfg = Debug|x64
		{970D1211-99B1-40A6-9FF4-C0A02339DCBF}.Debug|x64.Build.0 = Debug|x64
		{970D1211-99B1-40A6-9FF4-C0A02339DCBF}.Debug|x86.ActiveCfg = Debug|Win32
		{970D1211-99B1-40A6-9FF4-C0A02339DCBF}.Debug|x86.Build.0 = Debug|Win32
		{970D1211-99B1-40A6-9FF4-C0A02339DCBF}.Release|x64.ActiveCfg = Release|x64
		{970D1211-99B1-40A6-9FF4-C0A02339DCBF}.Release|x64.Build.0 = Release|x64
		{970D1211-99B1-40A6-9FF4-C0A02339DCBF}.Release|x86.ActiveCfg = Release|Win32
		{970D1211-99B1-40A6-9FF4-C0A02339DCBF}.Release|x86.Build.0 = Release|Win32
	EndGlobalSection
	GlobalSection(SolutionProperties) = preSolution
		HideSolutionNode = FALSE
	EndGlobalSection
	GlobalSection(ExtensibilityGlobals) = postSolution
		SolutionGuid = {A72E5D43-9E86-4E90-AE05-37AECA941C06}
	EndGlobalSection
EndGlobal
