
Microsoft Visual Studio Solution File, Format Version 12.00
# Visual Studio Version 16
VisualStudioVersion = 16.0.31005.135
MinimumVisualStudioVersion = 10.0.40219.1
Project("{8BC9CEB8-8B4A-11D0-8D11-00A0C91BC942}") = "Section8_Assignment_Operator", "Section8_Assignment_Operator\Section8_Assignment_Operator.vcxproj", "{B19D73D5-48D3-44E6-A663-984A777B8FE3}"
EndProject
Project("{8BC9CEB8-8B4A-11D0-8D11-00A0C91BC942}") = "Section8_Arithmetic_Operators", "Section8_Arithmetic_Operators\Section8_Arithmetic_Operators.vcxproj", "{743D3096-1817-4CDC-A595-B804107332AA}"
EndProject
Project("{8BC9CEB8-8B4A-11D0-8D11-00A0C91BC942}") = "Section8_EUR_To_USD", "Section8_EUR_To_USD\Section8_EUR_To_USD.vcxproj", "{9B3199EB-60AF-4CAD-BFBE-FDFB0507ED7A}"
EndProject
Project("{8BC9CEB8-8B4A-11D0-8D11-00A0C91BC942}") = "Section8_Increment_Decrement_Operators", "Section8_Increment_Decrement_Operators\Section8_Increment_Decrement_Operators.vcxproj", "{CE85940B-563B-4381-B326-2F05CC6F1A99}"
EndProject
Project("{8BC9CEB8-8B4A-11D0-8D11-00A0C91BC942}") = "Section8_Mixed_Type_Expressions", "Section8_Mixed_Type_Expressions\Section8_Mixed_Type_Expressions.vcxproj", "{7AAEE2F7-9A8F-490F-86C2-16475A3C0638}"
EndProject
Project("{8BC9CEB8-8B4A-11D0-8D11-00A0C91BC942}") = "Section8_Equality_Operators", "Section8_Equality_Operators\Section8_Equality_Operators.vcxproj", "{6575AB86-43A9-4275-BD9F-D0FDA8EB9153}"
EndProject
Global
	GlobalSection(SolutionConfigurationPlatforms) = preSolution
		Debug|x64 = Debug|x64
		Debug|x86 = Debug|x86
		Release|x64 = Release|x64
		Release|x86 = Release|x86
	EndGlobalSection
	GlobalSection(ProjectConfigurationPlatforms) = postSolution
		{B19D73D5-48D3-44E6-A663-984A777B8FE3}.Debug|x64.ActiveCfg = Debug|x64
		{B19D73D5-48D3-44E6-A663-984A777B8FE3}.Debug|x64.Build.0 = Debug|x64
		{B19D73D5-48D3-44E6-A663-984A777B8FE3}.Debug|x86.ActiveCfg = Debug|Win32
		{B19D73D5-48D3-44E6-A663-984A777B8FE3}.Debug|x86.Build.0 = Debug|Win32
		{B19D73D5-48D3-44E6-A663-984A777B8FE3}.Release|x64.ActiveCfg = Release|x64
		{B19D73D5-48D3-44E6-A663-984A777B8FE3}.Release|x64.Build.0 = Release|x64
		{B19D73D5-48D3-44E6-A663-984A777B8FE3}.Release|x86.ActiveCfg = Release|Win32
		{B19D73D5-48D3-44E6-A663-984A777B8FE3}.Release|x86.Build.0 = Release|Win32
		{743D3096-1817-4CDC-A595-B804107332AA}.Debug|x64.ActiveCfg = Debug|x64
		{743D3096-1817-4CDC-A595-B804107332AA}.Debug|x64.Build.0 = Debug|x64
		{743D3096-1817-4CDC-A595-B804107332AA}.Debug|x86.ActiveCfg = Debug|Win32
		{743D3096-1817-4CDC-A595-B804107332AA}.Debug|x86.Build.0 = Debug|Win32
		{743D3096-1817-4CDC-A595-B804107332AA}.Release|x64.ActiveCfg = Release|x64
		{743D3096-1817-4CDC-A595-B804107332AA}.Release|x64.Build.0 = Release|x64
		{743D3096-1817-4CDC-A595-B804107332AA}.Release|x86.ActiveCfg = Release|Win32
		{743D3096-1817-4CDC-A595-B804107332AA}.Release|x86.Build.0 = Release|Win32
		{9B3199EB-60AF-4CAD-BFBE-FDFB0507ED7A}.Debug|x64.ActiveCfg = Debug|x64
		{9B3199EB-60AF-4CAD-BFBE-FDFB0507ED7A}.Debug|x64.Build.0 = Debug|x64
		{9B3199EB-60AF-4CAD-BFBE-FDFB0507ED7A}.Debug|x86.ActiveCfg = Debug|Win32
		{9B3199EB-60AF-4CAD-BFBE-FDFB0507ED7A}.Debug|x86.Build.0 = Debug|Win32
		{9B3199EB-60AF-4CAD-BFBE-FDFB0507ED7A}.Release|x64.ActiveCfg = Release|x64
		{9B3199EB-60AF-4CAD-BFBE-FDFB0507ED7A}.Release|x64.Build.0 = Release|x64
		{9B3199EB-60AF-4CAD-BFBE-FDFB0507ED7A}.Release|x86.ActiveCfg = Release|Win32
		{9B3199EB-60AF-4CAD-BFBE-FDFB0507ED7A}.Release|x86.Build.0 = Release|Win32
		{CE85940B-563B-4381-B326-2F05CC6F1A99}.Debug|x64.ActiveCfg = Debug|x64
		{CE85940B-563B-4381-B326-2F05CC6F1A99}.Debug|x64.Build.0 = Debug|x64
		{CE85940B-563B-4381-B326-2F05CC6F1A99}.Debug|x86.ActiveCfg = Debug|Win32
		{CE85940B-563B-4381-B326-2F05CC6F1A99}.Debug|x86.Build.0 = Debug|Win32
		{CE85940B-563B-4381-B326-2F05CC6F1A99}.Release|x64.ActiveCfg = Release|x64
		{CE85940B-563B-4381-B326-2F05CC6F1A99}.Release|x64.Build.0 = Release|x64
		{CE85940B-563B-4381-B326-2F05CC6F1A99}.Release|x86.ActiveCfg = Release|Win32
		{CE85940B-563B-4381-B326-2F05CC6F1A99}.Release|x86.Build.0 = Release|Win32
		{7AAEE2F7-9A8F-490F-86C2-16475A3C0638}.Debug|x64.ActiveCfg = Debug|x64
		{7AAEE2F7-9A8F-490F-86C2-16475A3C0638}.Debug|x64.Build.0 = Debug|x64
		{7AAEE2F7-9A8F-490F-86C2-16475A3C0638}.Debug|x86.ActiveCfg = Debug|Win32
		{7AAEE2F7-9A8F-490F-86C2-16475A3C0638}.Debug|x86.Build.0 = Debug|Win32
		{7AAEE2F7-9A8F-490F-86C2-16475A3C0638}.Release|x64.ActiveCfg = Release|x64
		{7AAEE2F7-9A8F-490F-86C2-16475A3C0638}.Release|x64.Build.0 = Release|x64
		{7AAEE2F7-9A8F-490F-86C2-16475A3C0638}.Release|x86.ActiveCfg = Release|Win32
		{7AAEE2F7-9A8F-490F-86C2-16475A3C0638}.Release|x86.Build.0 = Release|Win32
		{6575AB86-43A9-4275-BD9F-D0FDA8EB9153}.Debug|x64.ActiveCfg = Debug|x64
		{6575AB86-43A9-4275-BD9F-D0FDA8EB9153}.Debug|x64.Build.0 = Debug|x64
		{6575AB86-43A9-4275-BD9F-D0FDA8EB9153}.Debug|x86.ActiveCfg = Debug|Win32
		{6575AB86-43A9-4275-BD9F-D0FDA8EB9153}.Debug|x86.Build.0 = Debug|Win32
		{6575AB86-43A9-4275-BD9F-D0FDA8EB9153}.Release|x64.ActiveCfg = Release|x64
		{6575AB86-43A9-4275-BD9F-D0FDA8EB9153}.Release|x64.Build.0 = Release|x64
		{6575AB86-43A9-4275-BD9F-D0FDA8EB9153}.Release|x86.ActiveCfg = Release|Win32
		{6575AB86-43A9-4275-BD9F-D0FDA8EB9153}.Release|x86.Build.0 = Release|Win32
	EndGlobalSection
	GlobalSection(SolutionProperties) = preSolution
		HideSolutionNode = FALSE
	EndGlobalSection
	GlobalSection(ExtensibilityGlobals) = postSolution
		SolutionGuid = {25E7314B-EDEF-44AD-898B-48062B3A86CB}
	EndGlobalSection
EndGlobal
