
Microsoft Visual Studio Solution File, Format Version 12.00
# Visual Studio Version 16
VisualStudioVersion = 16.0.31005.135
MinimumVisualStudioVersion = 10.0.40219.1
Project("{8BC9CEB8-8B4A-11D0-8D11-00A0C91BC942}") = "Section8_Assignment_Operator", "Section8_Assignment_Operator\Section8_Assignment_Operator.vcxproj", "{B19D73D5-48D3-44E6-A663-984A777B8FE3}"
EndProject
Global
	GlobalSection(SolutionConfigurationPlatforms) = preSolution
		Debug|x64 = Debug|x64
		Debug|x86 = Debug|x86
		Release|x64 = Release|x64
		Release|x86 = Release|x86
	EndGlobalSection
	GlobalSection(ProjectConfigurationPlatforms) = postSolution
		{B19D73D5-48D3-44E6-A663-984A777B8FE3}.Debug|x64.ActiveCfg = Debug|x64
		{B19D73D5-48D3-44E6-A663-984A777B8FE3}.Debug|x64.Build.0 = Debug|x64
		{B19D73D5-48D3-44E6-A663-984A777B8FE3}.Debug|x86.ActiveCfg = Debug|Win32
		{B19D73D5-48D3-44E6-A663-984A777B8FE3}.Debug|x86.Build.0 = Debug|Win32
		{B19D73D5-48D3-44E6-A663-984A777B8FE3}.Release|x64.ActiveCfg = Release|x64
		{B19D73D5-48D3-44E6-A663-984A777B8FE3}.Release|x64.Build.0 = Release|x64
		{B19D73D5-48D3-44E6-A663-984A777B8FE3}.Release|x86.ActiveCfg = Release|Win32
		{B19D73D5-48D3-44E6-A663-984A777B8FE3}.Release|x86.Build.0 = Release|Win32
	EndGlobalSection
	GlobalSection(SolutionProperties) = preSolution
		HideSolutionNode = FALSE
	EndGlobalSection
	GlobalSection(ExtensibilityGlobals) = postSolution
		SolutionGuid = {25E7314B-EDEF-44AD-898B-48062B3A86CB}
	EndGlobalSection
EndGlobal
